# This file is generated by running "yarn install" inside your project.
# Manual changes might be lost - proceed with caution!

__metadata:
  version: 6
  cacheKey: 8

"ansi-align@npm:^3.0.0":
  version: 3.0.1
  resolution: "ansi-align@npm:3.0.1"
  dependencies:
    string-width: ^4.1.0
  checksum: 6abfa08f2141d231c257162b15292467081fa49a208593e055c866aa0455b57f3a86b5a678c190c618faa79b4c59e254493099cb700dd9cf2293c6be2c8f5d8d
  languageName: node
  linkType: hard

"ansi-regex@npm:^5.0.1":
  version: 5.0.1
  resolution: "ansi-regex@npm:5.0.1"
  checksum: 2aa4bb54caf2d622f1afdad09441695af2a83aa3fe8b8afa581d205e57ed4261c183c4d3877cee25794443fde5876417d859c108078ab788d6af7e4fe52eb66b
  languageName: node
  linkType: hard

"ansi-styles@npm:^4.1.0":
  version: 4.3.0
  resolution: "ansi-styles@npm:4.3.0"
  dependencies:
    color-convert: ^2.0.1
  checksum: 513b44c3b2105dd14cc42a19271e80f386466c4be574bccf60b627432f9198571ebf4ab1e4c3ba17347658f4ee1711c163d574248c0c1cdc2d5917a0ad582ec4
  languageName: node
  linkType: hard

"boxen@npm:^4.2.0":
  version: 4.2.0
  resolution: "boxen@npm:4.2.0"
  dependencies:
    ansi-align: ^3.0.0
    camelcase: ^5.3.1
    chalk: ^3.0.0
    cli-boxes: ^2.2.0
    string-width: ^4.1.0
    term-size: ^2.1.0
    type-fest: ^0.8.1
    widest-line: ^3.1.0
  checksum: ce2b565a2e44b33d11336155675cf4f7f0e13dbf7412928845aefd6a2cf65e0da2dbb0a2cb198b7620a2ae714416a2eb710926b780f15d19f6250a19633b29af
  languageName: node
  linkType: hard

"camelcase@npm:^5.3.1":
  version: 5.3.1
  resolution: "camelcase@npm:5.3.1"
  checksum: e6effce26b9404e3c0f301498184f243811c30dfe6d0b9051863bd8e4034d09c8c2923794f280d6827e5aa055f6c434115ff97864a16a963366fb35fd673024b
  languageName: node
  linkType: hard

"chalk@npm:^3.0.0":
  version: 3.0.0
  resolution: "chalk@npm:3.0.0"
  dependencies:
    ansi-styles: ^4.1.0
    supports-color: ^7.1.0
  checksum: 8e3ddf3981c4da405ddbd7d9c8d91944ddf6e33d6837756979f7840a29272a69a5189ecae0ff84006750d6d1e92368d413335eab4db5476db6e6703a1d1e0505
  languageName: node
  linkType: hard

"cli-boxes@npm:^2.2.0":
  version: 2.2.1
  resolution: "cli-boxes@npm:2.2.1"
  checksum: be79f8ec23a558b49e01311b39a1ea01243ecee30539c880cf14bf518a12e223ef40c57ead0cb44f509bffdffc5c129c746cd50d863ab879385370112af4f585
  languageName: node
  linkType: hard

"color-convert@npm:^2.0.1":
  version: 2.0.1
  resolution: "color-convert@npm:2.0.1"
  dependencies:
    color-name: ~1.1.4
  checksum: 79e6bdb9fd479a205c71d89574fccfb22bd9053bd98c6c4d870d65c132e5e904e6034978e55b43d69fcaa7433af2016ee203ce76eeba9cfa554b373e7f7db336
  languageName: node
  linkType: hard

"color-name@npm:~1.1.4":
  version: 1.1.4
  resolution: "color-name@npm:1.1.4"
  checksum: b0445859521eb4021cd0fb0cc1a75cecf67fceecae89b63f62b201cca8d345baf8b952c966862a9d9a2632987d4f6581f0ec8d957dfacece86f0a7919316f610
  languageName: node
  linkType: hard

"emoji-regex@npm:^8.0.0":
  version: 8.0.0
  resolution: "emoji-regex@npm:8.0.0"
  checksum: d4c5c39d5a9868b5fa152f00cada8a936868fd3367f33f71be515ecee4c803132d11b31a6222b2571b1e5f7e13890156a94880345594d0ce7e3c9895f560f192
  languageName: node
  linkType: hard

"frontend@workspace:.":
  version: 0.0.0-use.local
  resolution: "frontend@workspace:."
  dependencies:
    husky: ^8.0.3
    only-allow: ^1.1.1
  languageName: unknown
  linkType: soft

"has-flag@npm:^4.0.0":
  version: 4.0.0
  resolution: "has-flag@npm:4.0.0"
  checksum: 261a1357037ead75e338156b1f9452c016a37dcd3283a972a30d9e4a87441ba372c8b81f818cd0fbcd9c0354b4ae7e18b9e1afa1971164aef6d18c2b6095a8ad
  languageName: node
  linkType: hard

"husky@npm:^8.0.3":
  version: 8.0.3
  resolution: "husky@npm:8.0.3"
  bin:
    husky: lib/bin.js
  checksum: 837bc7e4413e58c1f2946d38fb050f5d7324c6f16b0fd66411ffce5703b294bd21429e8ba58711cd331951ee86ed529c5be4f76805959ff668a337dbfa82a1b0
  languageName: node
  linkType: hard

"is-fullwidth-code-point@npm:^3.0.0":
  version: 3.0.0
  resolution: "is-fullwidth-code-point@npm:3.0.0"
  checksum: 44a30c29457c7fb8f00297bce733f0a64cd22eca270f83e58c105e0d015e45c019491a4ab2faef91ab51d4738c670daff901c799f6a700e27f7314029e99e348
  languageName: node
  linkType: hard

"only-allow@npm:^1.1.1":
  version: 1.1.1
  resolution: "only-allow@npm:1.1.1"
  dependencies:
    boxen: ^4.2.0
    which-pm-runs: ^1.1.0
  bin:
    only-allow: bin.js
  checksum: 3a9bbcc4f91901ca3e9bbe667b0eadc13928b25e1e442037043bbe6fb767d7820665b40b63c16915fd232a9c11aca1598818e04879a61ff27c143238996e401e
  languageName: node
  linkType: hard

"string-width@npm:^4.0.0, string-width@npm:^4.1.0":
  version: 4.2.3
  resolution: "string-width@npm:4.2.3"
  dependencies:
    emoji-regex: ^8.0.0
    is-fullwidth-code-point: ^3.0.0
    strip-ansi: ^6.0.1
  checksum: e52c10dc3fbfcd6c3a15f159f54a90024241d0f149cf8aed2982a2d801d2e64df0bf1dc351cf8e95c3319323f9f220c16e740b06faecd53e2462df1d2b5443fb
  languageName: node
  linkType: hard

"strip-ansi@npm:^6.0.1":
  version: 6.0.1
  resolution: "strip-ansi@npm:6.0.1"
  dependencies:
    ansi-regex: ^5.0.1
  checksum: f3cd25890aef3ba6e1a74e20896c21a46f482e93df4a06567cebf2b57edabb15133f1f94e57434e0a958d61186087b1008e89c94875d019910a213181a14fc8c
  languageName: node
  linkType: hard

"supports-color@npm:^7.1.0":
  version: 7.2.0
  resolution: "supports-color@npm:7.2.0"
  dependencies:
    has-flag: ^4.0.0
  checksum: 3dda818de06ebbe5b9653e07842d9479f3555ebc77e9a0280caf5a14fb877ffee9ed57007c3b78f5a6324b8dbeec648d9e97a24e2ed9fdb81ddc69ea07100f4a
  languageName: node
  linkType: hard

"term-size@npm:^2.1.0":
  version: 2.2.1
  resolution: "term-size@npm:2.2.1"
  checksum: 1ed981335483babc1e8206f843e06bd2bf89b85f0bf5a9a9d928033a0fcacdba183c03ba7d91814643015543ba002f1339f7112402a21da8f24b6c56b062a5a9
  languageName: node
  linkType: hard

"type-fest@npm:^0.8.1":
  version: 0.8.1
  resolution: "type-fest@npm:0.8.1"
  checksum: d61c4b2eba24009033ae4500d7d818a94fd6d1b481a8111612ee141400d5f1db46f199c014766b9fa9b31a6a7374d96fc748c6d688a78a3ce5a33123839becb7
  languageName: node
  linkType: hard

"which-pm-runs@npm:^1.1.0":
  version: 1.1.0
  resolution: "which-pm-runs@npm:1.1.0"
  checksum: 39a56ee50886fb33ec710e3b36dc9fe3d0096cac44850d9ca0c6186c4cb824d6c8125f013e0562e7c94744e1e8e4a6ab695592cdb12555777c7a4368143d822c
  languageName: node
  linkType: hard

"widest-line@npm:^3.1.0":
  version: 3.1.0
  resolution: "widest-line@npm:3.1.0"
  dependencies:
    string-width: ^4.0.0
  checksum: 03db6c9d0af9329c37d74378ff1d91972b12553c7d72a6f4e8525fe61563fa7adb0b9d6e8d546b7e059688712ea874edd5ded475999abdeedf708de9849310e0
  languageName: node
  linkType: hard
